
Microsoft Visual Studio Solution File, Format Version 12.00
# Visual Studio 15
VisualStudioVersion = 15.0.27130.2024
MinimumVisualStudioVersion = 10.0.40219.1
Project("{FAE04EC0-301F-11D3-BF4B-00C04F79EFBC}") = "BCCM01", "BCCM01\BCCM01.csproj", "{A5C3BA11-3FF9-4E0B-9A7E-F7DED777ACBA}"
EndProject
Project("{FAE04EC0-301F-11D3-BF4B-00C04F79EFBC}") = "BCHT01", "BCHT01\BCHT01.csproj", "{182B945C-19B4-42D4-8505-C56124F8E06E}"
EndProject
Project("{FAE04EC0-301F-11D3-BF4B-00C04F79EFBC}") = "BCLN01", "BCLN01\BCLN01.csproj", "{26EDC8B1-1646-4FC7-AF4E-0C5B7D7F1195}"
EndProject
Project("{FAE04EC0-301F-11D3-BF4B-00C04F79EFBC}") = "BCMT01", "BCMT01\BCMT01.csproj", "{93F87D92-DB44-477D-9F67-F71895E940D1}"
EndProject
Project("{FAE04EC0-301F-11D3-BF4B-00C04F79EFBC}") = "BCMT02", "BCMT02\BCMT02.csproj", "{7C6E6C39-A792-49FF-941B-9BB40CB4F3A8}"
EndProject
Project("{FAE04EC0-301F-11D3-BF4B-00C04F79EFBC}") = "BCMT03", "BCMT03\BCMT03.csproj", "{FE86F325-A4A8-4840-A371-598FFFF7798E}"
EndProject
Project("{FAE04EC0-301F-11D3-BF4B-00C04F79EFBC}") = "BCMT04", "BCMT04\BCMT04.csproj", "{F2FC8510-1DA1-48F8-9CBD-5E4450AEE885}"
EndProject
Project("{FAE04EC0-301F-11D3-BF4B-00C04F79EFBC}") = "BCMT05", "BCMT05\BCMT05.csproj", "{E56B4BF7-E4ED-48A3-A826-7F169B8A1D2B}"
EndProject
Project("{FAE04EC0-301F-11D3-BF4B-00C04F79EFBC}") = "BCRT01", "BCRT01\BCRT01.csproj", "{EDA8EB9C-BE94-46AB-ABDD-41895DB0218A}"
EndProject
Project("{FAE04EC0-301F-11D3-BF4B-00C04F79EFBC}") = "BCSR01", "BCSR01\BCSR01.csproj", "{264DD756-7C2B-4005-A69B-AD3D86A0BAA0}"
EndProject
Project("{2150E333-8FDC-42A3-9474-1A3956D46DE8}") = "Solution Items", "Solution Items", "{FA6EEF3B-4289-4E40-B9D2-57B2100D3FF2}"
	ProjectSection(SolutionItems) = preProject
		Library.db = Library.db
	EndProjectSection
EndProject
Project("{FAE04EC0-301F-11D3-BF4B-00C04F79EFBC}") = "BCMN01", "BCMN01\BCMN01.csproj", "{DC8EB575-5D5F-41DB-BE8B-08CD7AE187C9}"
EndProject
Project("{FAE04EC0-301F-11D3-BF4B-00C04F79EFBC}") = "Common", "Common\Common.csproj", "{BECE5653-4E5A-49E8-A9D2-0A97AC86ACFC}"
EndProject
Project("{FAE04EC0-301F-11D3-BF4B-00C04F79EFBC}") = "UnitTest", "UnitTest\UnitTest.csproj", "{E17FAED5-3AB4-45A1-AE43-CEC9B87B0C54}"
EndProject
Global
	GlobalSection(SolutionConfigurationPlatforms) = preSolution
		Debug|Any CPU = Debug|Any CPU
		Release|Any CPU = Release|Any CPU
	EndGlobalSection
	GlobalSection(ProjectConfigurationPlatforms) = postSolution
		{A5C3BA11-3FF9-4E0B-9A7E-F7DED777ACBA}.Debug|Any CPU.ActiveCfg = Debug|Any CPU
		{A5C3BA11-3FF9-4E0B-9A7E-F7DED777ACBA}.Debug|Any CPU.Build.0 = Debug|Any CPU
		{A5C3BA11-3FF9-4E0B-9A7E-F7DED777ACBA}.Release|Any CPU.ActiveCfg = Release|Any CPU
		{A5C3BA11-3FF9-4E0B-9A7E-F7DED777ACBA}.Release|Any CPU.Build.0 = Release|Any CPU
		{182B945C-19B4-42D4-8505-C56124F8E06E}.Debug|Any CPU.ActiveCfg = Debug|Any CPU
		{182B945C-19B4-42D4-8505-C56124F8E06E}.Debug|Any CPU.Build.0 = Debug|Any CPU
		{182B945C-19B4-42D4-8505-C56124F8E06E}.Release|Any CPU.ActiveCfg = Release|Any CPU
		{182B945C-19B4-42D4-8505-C56124F8E06E}.Release|Any CPU.Build.0 = Release|Any CPU
		{26EDC8B1-1646-4FC7-AF4E-0C5B7D7F1195}.Debug|Any CPU.ActiveCfg = Debug|Any CPU
		{26EDC8B1-1646-4FC7-AF4E-0C5B7D7F1195}.Debug|Any CPU.Build.0 = Debug|Any CPU
		{26EDC8B1-1646-4FC7-AF4E-0C5B7D7F1195}.Release|Any CPU.ActiveCfg = Release|Any CPU
		{26EDC8B1-1646-4FC7-AF4E-0C5B7D7F1195}.Release|Any CPU.Build.0 = Release|Any CPU
		{93F87D92-DB44-477D-9F67-F71895E940D1}.Debug|Any CPU.ActiveCfg = Debug|Any CPU
		{93F87D92-DB44-477D-9F67-F71895E940D1}.Debug|Any CPU.Build.0 = Debug|Any CPU
		{93F87D92-DB44-477D-9F67-F71895E940D1}.Release|Any CPU.ActiveCfg = Release|Any CPU
		{93F87D92-DB44-477D-9F67-F71895E940D1}.Release|Any CPU.Build.0 = Release|Any CPU
		{7C6E6C39-A792-49FF-941B-9BB40CB4F3A8}.Debug|Any CPU.ActiveCfg = Debug|Any CPU
		{7C6E6C39-A792-49FF-941B-9BB40CB4F3A8}.Debug|Any CPU.Build.0 = Debug|Any CPU
		{7C6E6C39-A792-49FF-941B-9BB40CB4F3A8}.Release|Any CPU.ActiveCfg = Release|Any CPU
		{7C6E6C39-A792-49FF-941B-9BB40CB4F3A8}.Release|Any CPU.Build.0 = Release|Any CPU
		{FE86F325-A4A8-4840-A371-598FFFF7798E}.Debug|Any CPU.ActiveCfg = Debug|Any CPU
		{FE86F325-A4A8-4840-A371-598FFFF7798E}.Debug|Any CPU.Build.0 = Debug|Any CPU
		{FE86F325-A4A8-4840-A371-598FFFF7798E}.Release|Any CPU.ActiveCfg = Release|Any CPU
		{FE86F325-A4A8-4840-A371-598FFFF7798E}.Release|Any CPU.Build.0 = Release|Any CPU
		{F2FC8510-1DA1-48F8-9CBD-5E4450AEE885}.Debug|Any CPU.ActiveCfg = Debug|Any CPU
		{F2FC8510-1DA1-48F8-9CBD-5E4450AEE885}.Debug|Any CPU.Build.0 = Debug|Any CPU
		{F2FC8510-1DA1-48F8-9CBD-5E4450AEE885}.Release|Any CPU.ActiveCfg = Release|Any CPU
		{F2FC8510-1DA1-48F8-9CBD-5E4450AEE885}.Release|Any CPU.Build.0 = Release|Any CPU
		{E56B4BF7-E4ED-48A3-A826-7F169B8A1D2B}.Debug|Any CPU.ActiveCfg = Debug|Any CPU
		{E56B4BF7-E4ED-48A3-A826-7F169B8A1D2B}.Debug|Any CPU.Build.0 = Debug|Any CPU
		{E56B4BF7-E4ED-48A3-A826-7F169B8A1D2B}.Release|Any CPU.ActiveCfg = Release|Any CPU
		{E56B4BF7-E4ED-48A3-A826-7F169B8A1D2B}.Release|Any CPU.Build.0 = Release|Any CPU
		{EDA8EB9C-BE94-46AB-ABDD-41895DB0218A}.Debug|Any CPU.ActiveCfg = Debug|Any CPU
		{EDA8EB9C-BE94-46AB-ABDD-41895DB0218A}.Debug|Any CPU.Build.0 = Debug|Any CPU
		{EDA8EB9C-BE94-46AB-ABDD-41895DB0218A}.Release|Any CPU.ActiveCfg = Release|Any CPU
		{EDA8EB9C-BE94-46AB-ABDD-41895DB0218A}.Release|Any CPU.Build.0 = Release|Any CPU
		{264DD756-7C2B-4005-A69B-AD3D86A0BAA0}.Debug|Any CPU.ActiveCfg = Debug|Any CPU
		{264DD756-7C2B-4005-A69B-AD3D86A0BAA0}.Debug|Any CPU.Build.0 = Debug|Any CPU
		{264DD756-7C2B-4005-A69B-AD3D86A0BAA0}.Release|Any CPU.ActiveCfg = Release|Any CPU
		{264DD756-7C2B-4005-A69B-AD3D86A0BAA0}.Release|Any CPU.Build.0 = Release|Any CPU
		{DC8EB575-5D5F-41DB-BE8B-08CD7AE187C9}.Debug|Any CPU.ActiveCfg = Debug|Any CPU
		{DC8EB575-5D5F-41DB-BE8B-08CD7AE187C9}.Debug|Any CPU.Build.0 = Debug|Any CPU
		{DC8EB575-5D5F-41DB-BE8B-08CD7AE187C9}.Release|Any CPU.ActiveCfg = Release|Any CPU
		{DC8EB575-5D5F-41DB-BE8B-08CD7AE187C9}.Release|Any CPU.Build.0 = Release|Any CPU
		{BECE5653-4E5A-49E8-A9D2-0A97AC86ACFC}.Debug|Any CPU.ActiveCfg = Debug|Any CPU
		{BECE5653-4E5A-49E8-A9D2-0A97AC86ACFC}.Debug|Any CPU.Build.0 = Debug|Any CPU
		{BECE5653-4E5A-49E8-A9D2-0A97AC86ACFC}.Release|Any CPU.ActiveCfg = Release|Any CPU
		{BECE5653-4E5A-49E8-A9D2-0A97AC86ACFC}.Release|Any CPU.Build.0 = Release|Any CPU
		{E17FAED5-3AB4-45A1-AE43-CEC9B87B0C54}.Debug|Any CPU.ActiveCfg = Debug|Any CPU
		{E17FAED5-3AB4-45A1-AE43-CEC9B87B0C54}.Debug|Any CPU.Build.0 = Debug|Any CPU
		{E17FAED5-3AB4-45A1-AE43-CEC9B87B0C54}.Release|Any CPU.ActiveCfg = Release|Any CPU
		{E17FAED5-3AB4-45A1-AE43-CEC9B87B0C54}.Release|Any CPU.Build.0 = Release|Any CPU
	EndGlobalSection
	GlobalSection(SolutionProperties) = preSolution
		HideSolutionNode = FALSE
	EndGlobalSection
	GlobalSection(ExtensibilityGlobals) = postSolution
		SolutionGuid = {379151D1-F007-4CB5-B7B4-4CB46D385648}
	EndGlobalSection
EndGlobal
